// !$*UTF8*$!
{
	archiveVersion = 1;
	classes = {
	};
	objectVersion = 50;
	objects = {

/* Begin PBXBuildFile section */
		3A0925D7274E26CC00445E64 /* AppDelegate.swift in Sources */ = {isa = PBXBuildFile; fileRef = 3A0925D6274E26CC00445E64 /* AppDelegate.swift */; };
		3A0925D9274E26CC00445E64 /* SceneDelegate.swift in Sources */ = {isa = PBXBuildFile; fileRef = 3A0925D8274E26CC00445E64 /* SceneDelegate.swift */; };
		3A0925DB274E26CC00445E64 /* ViewController.swift in Sources */ = {isa = PBXBuildFile; fileRef = 3A0925DA274E26CC00445E64 /* ViewController.swift */; };
		3A0925DE274E26CC00445E64 /* Main.storyboard in Resources */ = {isa = PBXBuildFile; fileRef = 3A0925DC274E26CC00445E64 /* Main.storyboard */; };
		3A0925E0274E26CD00445E64 /* Assets.xcassets in Resources */ = {isa = PBXBuildFile; fileRef = 3A0925DF274E26CD00445E64 /* Assets.xcassets */; };
		3A0925E3274E26CD00445E64 /* LaunchScreen.storyboard in Resources */ = {isa = PBXBuildFile; fileRef = 3A0925E1274E26CD00445E64 /* LaunchScreen.storyboard */; };
		3A0925EE274E26CE00445E64 /* Trap_GameTests.swift in Sources */ = {isa = PBXBuildFile; fileRef = 3A0925ED274E26CE00445E64 /* Trap_GameTests.swift */; };
		3A0925F9274E26CE00445E64 /* Trap_GameUITests.swift in Sources */ = {isa = PBXBuildFile; fileRef = 3A0925F8274E26CE00445E64 /* Trap_GameUITests.swift */; };
/* End PBXBuildFile section */

/* Begin PBXContainerItemProxy section */
		3A0925EA274E26CD00445E64 /* PBXContainerItemProxy */ = {
			isa = PBXContainerItemProxy;
			containerPortal = 3A0925CB274E26CC00445E64 /* Project object */;
			proxyType = 1;
			remoteGlobalIDString = 3A0925D2274E26CC00445E64;
			remoteInfo = "Trap Game";
		};
		3A0925F5274E26CE00445E64 /* PBXContainerItemProxy */ = {
			isa = PBXContainerItemProxy;
			containerPortal = 3A0925CB274E26CC00445E64 /* Project object */;
			proxyType = 1;
			remoteGlobalIDString = 3A0925D2274E26CC00445E64;
			remoteInfo = "Trap Game";
		};
/* End PBXContainerItemProxy section */

/* Begin PBXFileReference section */
		3A0925D3274E26CC00445E64 /* Trap Game.app */ = {isa = PBXFileReference; explicitFileType = wrapper.application; includeInIndex = 0; path = "Trap Game.app"; sourceTree = BUILT_PRODUCTS_DIR; };
		3A0925D6274E26CC00445E64 /* AppDelegate.swift */ = {isa = PBXFileReference; lastKnownFileType = sourcecode.swift; path = AppDelegate.swift; sourceTree = "<group>"; };
		3A0925D8274E26CC00445E64 /* SceneDelegate.swift */ = {isa = PBXFileReference; lastKnownFileType = sourcecode.swift; path = SceneDelegate.swift; sourceTree = "<group>"; };
		3A0925DA274E26CC00445E64 /* ViewController.swift */ = {isa = PBXFileReference; lastKnownFileType = sourcecode.swift; path = ViewController.swift; sourceTree = "<group>"; };
		3A0925DD274E26CC00445E64 /* Base */ = {isa = PBXFileReference; lastKnownFileType = file.storyboard; name = Base; path = Base.lproj/Main.storyboard; sourceTree = "<group>"; };
		3A0925DF274E26CD00445E64 /* Assets.xcassets */ = {isa = PBXFileReference; lastKnownFileType = folder.assetcatalog; path = Assets.xcassets; sourceTree = "<group>"; };
		3A0925E2274E26CD00445E64 /* Base */ = {isa = PBXFileReference; lastKnownFileType = file.storyboard; name = Base; path = Base.lproj/LaunchScreen.storyboard; sourceTree = "<group>"; };
		3A0925E4274E26CD00445E64 /* Info.plist */ = {isa = PBXFileReference; lastKnownFileType = text.plist.xml; path = Info.plist; sourceTree = "<group>"; };
		3A0925E9274E26CD00445E64 /* Trap GameTests.xctest */ = {isa = PBXFileReference; explicitFileType = wrapper.cfbundle; includeInIndex = 0; path = "Trap GameTests.xctest"; sourceTree = BUILT_PRODUCTS_DIR; };
		3A0925ED274E26CE00445E64 /* Trap_GameTests.swift */ = {isa = PBXFileReference; lastKnownFileType = sourcecode.swift; path = Trap_GameTests.swift; sourceTree = "<group>"; };
		3A0925EF274E26CE00445E64 /* Info.plist */ = {isa = PBXFileReference; lastKnownFileType = text.plist.xml; path = Info.plist; sourceTree = "<group>"; };
		3A0925F4274E26CE00445E64 /* Trap GameUITests.xctest */ = {isa = PBXFileReference; explicitFileType = wrapper.cfbundle; includeInIndex = 0; path = "Trap GameUITests.xctest"; sourceTree = BUILT_PRODUCTS_DIR; };
		3A0925F8274E26CE00445E64 /* Trap_GameUITests.swift */ = {isa = PBXFileReference; lastKnownFileType = sourcecode.swift; path = Trap_GameUITests.swift; sourceTree = "<group>"; };
		3A0925FA274E26CE00445E64 /* Info.plist */ = {isa = PBXFileReference; lastKnownFileType = text.plist.xml; path = Info.plist; sourceTree = "<group>"; };
/* End PBXFileReference section */

/* Begin PBXFrameworksBuildPhase section */
		3A0925D0274E26CC00445E64 /* Frameworks */ = {
			isa = PBXFrameworksBuildPhase;
			buildActionMask = 2147483647;
			files = (
			);
			runOnlyForDeploymentPostprocessing = 0;
		};
		3A0925E6274E26CD00445E64 /* Frameworks */ = {
			isa = PBXFrameworksBuildPhase;
			buildActionMask = 2147483647;
			files = (
			);
			runOnlyForDeploymentPostprocessing = 0;
		};
		3A0925F1274E26CE00445E64 /* Frameworks */ = {
			isa = PBXFrameworksBuildPhase;
			buildActionMask = 2147483647;
			files = (
			);
			runOnlyForDeploymentPostprocessing = 0;
		};
/* End PBXFrameworksBuildPhase section */

/* Begin PBXGroup section */
		3A0925CA274E26CC00445E64 = {
			isa = PBXGroup;
			children = (
				3A0925D5274E26CC00445E64 /* Trap Game */,
				3A0925EC274E26CE00445E64 /* Trap GameTests */,
				3A0925F7274E26CE00445E64 /* Trap GameUITests */,
				3A0925D4274E26CC00445E64 /* Products */,
			);
			sourceTree = "<group>";
		};
		3A0925D4274E26CC00445E64 /* Products */ = {
			isa = PBXGroup;
			children = (
				3A0925D3274E26CC00445E64 /* Trap Game.app */,
				3A0925E9274E26CD00445E64 /* Trap GameTests.xctest */,
				3A0925F4274E26CE00445E64 /* Trap GameUITests.xctest */,
			);
			name = Products;
			sourceTree = "<group>";
		};
		3A0925D5274E26CC00445E64 /* Trap Game */ = {
			isa = PBXGroup;
			children = (
				3A0925D6274E26CC00445E64 /* AppDelegate.swift */,
				3A0925D8274E26CC00445E64 /* SceneDelegate.swift */,
				3A0925DA274E26CC00445E64 /* ViewController.swift */,
				3A0925DC274E26CC00445E64 /* Main.storyboard */,
				3A0925DF274E26CD00445E64 /* Assets.xcassets */,
				3A0925E1274E26CD00445E64 /* LaunchScreen.storyboard */,
				3A0925E4274E26CD00445E64 /* Info.plist */,
			);
			path = "Trap Game";
			sourceTree = "<group>";
		};
		3A0925EC274E26CE00445E64 /* Trap GameTests */ = {
			isa = PBXGroup;
			children = (
				3A0925ED274E26CE00445E64 /* Trap_GameTests.swift */,
				3A0925EF274E26CE00445E64 /* Info.plist */,
			);
			path = "Trap GameTests";
			sourceTree = "<group>";
		};
		3A0925F7274E26CE00445E64 /* Trap GameUITests */ = {
			isa = PBXGroup;
			children = (
				3A0925F8274E26CE00445E64 /* Trap_GameUITests.swift */,
				3A0925FA274E26CE00445E64 /* Info.plist */,
			);
			path = "Trap GameUITests";
			sourceTree = "<group>";
		};
/* End PBXGroup section */

/* Begin PBXNativeTarget section */
		3A0925D2274E26CC00445E64 /* Trap Game */ = {
			isa = PBXNativeTarget;
			buildConfigurationList = 3A0925FD274E26CE00445E64 /* Build configuration list for PBXNativeTarget "Trap Game" */;
			buildPhases = (
				3A0925CF274E26CC00445E64 /* Sources */,
				3A0925D0274E26CC00445E64 /* Frameworks */,
				3A0925D1274E26CC00445E64 /* Resources */,
			);
			buildRules = (
			);
			dependencies = (
			);
			name = "Trap Game";
			productName = "Trap Game";
			productReference = 3A0925D3274E26CC00445E64 /* Trap Game.app */;
			productType = "com.apple.product-type.application";
		};
		3A0925E8274E26CD00445E64 /* Trap GameTests */ = {
			isa = PBXNativeTarget;
			buildConfigurationList = 3A092600274E26CE00445E64 /* Build configuration list for PBXNativeTarget "Trap GameTests" */;
			buildPhases = (
				3A0925E5274E26CD00445E64 /* Sources */,
				3A0925E6274E26CD00445E64 /* Frameworks */,
				3A0925E7274E26CD00445E64 /* Resources */,
			);
			buildRules = (
			);
			dependencies = (
				3A0925EB274E26CD00445E64 /* PBXTargetDependency */,
			);
			name = "Trap GameTests";
			productName = "Trap GameTests";
			productReference = 3A0925E9274E26CD00445E64 /* Trap GameTests.xctest */;
			productType = "com.apple.product-type.bundle.unit-test";
		};
		3A0925F3274E26CE00445E64 /* Trap GameUITests */ = {
			isa = PBXNativeTarget;
			buildConfigurationList = 3A092603274E26CE00445E64 /* Build configuration list for PBXNativeTarget "Trap GameUITests" */;
			buildPhases = (
				3A0925F0274E26CE00445E64 /* Sources */,
				3A0925F1274E26CE00445E64 /* Frameworks */,
				3A0925F2274E26CE00445E64 /* Resources */,
			);
			buildRules = (
			);
			dependencies = (
				3A0925F6274E26CE00445E64 /* PBXTargetDependency */,
			);
			name = "Trap GameUITests";
			productName = "Trap GameUITests";
			productReference = 3A0925F4274E26CE00445E64 /* Trap GameUITests.xctest */;
			productType = "com.apple.product-type.bundle.ui-testing";
		};
/* End PBXNativeTarget section */

/* Begin PBXProject section */
		3A0925CB274E26CC00445E64 /* Project object */ = {
			isa = PBXProject;
			attributes = {
				LastSwiftUpdateCheck = 1230;
				LastUpgradeCheck = 1230;
				TargetAttributes = {
					3A0925D2274E26CC00445E64 = {
						CreatedOnToolsVersion = 12.3;
					};
					3A0925E8274E26CD00445E64 = {
						CreatedOnToolsVersion = 12.3;
						TestTargetID = 3A0925D2274E26CC00445E64;
					};
					3A0925F3274E26CE00445E64 = {
						CreatedOnToolsVersion = 12.3;
						TestTargetID = 3A0925D2274E26CC00445E64;
					};
				};
			};
			buildConfigurationList = 3A0925CE274E26CC00445E64 /* Build configuration list for PBXProject "Trap Game" */;
			compatibilityVersion = "Xcode 9.3";
			developmentRegion = en;
			hasScannedForEncodings = 0;
			knownRegions = (
				en,
				Base,
			);
			mainGroup = 3A0925CA274E26CC00445E64;
			productRefGroup = 3A0925D4274E26CC00445E64 /* Products */;
			projectDirPath = "";
			projectRoot = "";
			targets = (
				3A0925D2274E26CC00445E64 /* Trap Game */,
				3A0925E8274E26CD00445E64 /* Trap GameTests */,
				3A0925F3274E26CE00445E64 /* Trap GameUITests */,
			);
		};
/* End PBXProject section */

/* Begin PBXResourcesBuildPhase section */
		3A0925D1274E26CC00445E64 /* Resources */ = {
			isa = PBXResourcesBuildPhase;
			buildActionMask = 2147483647;
			files = (
				3A0925E3274E26CD00445E64 /* LaunchScreen.storyboard in Resources */,
				3A0925E0274E26CD00445E64 /* Assets.xcassets in Resources */,
				3A0925DE274E26CC00445E64 /* Main.storyboard in Resources */,
			);
			runOnlyForDeploymentPostprocessing = 0;
		};
		3A0925E7274E26CD00445E64 /* Resources */ = {
			isa = PBXResourcesBuildPhase;
			buildActionMask = 2147483647;
			files = (
			);
			runOnlyForDeploymentPostprocessing = 0;
		};
		3A0925F2274E26CE00445E64 /* Resources */ = {
			isa = PBXResourcesBuildPhase;
			buildActionMask = 2147483647;
			files = (
			);
			runOnlyForDeploymentPostprocessing = 0;
		};
/* End PBXResourcesBuildPhase section */

/* Begin PBXSourcesBuildPhase section */
		3A0925CF274E26CC00445E64 /* Sources */ = {
			isa = PBXSourcesBuildPhase;
			buildActionMask = 2147483647;
			files = (
				3A0925DB274E26CC00445E64 /* ViewController.swift in Sources */,
				3A0925D7274E26CC00445E64 /* AppDelegate.swift in Sources */,
				3A0925D9274E26CC00445E64 /* SceneDelegate.swift in Sources */,
			);
			runOnlyForDeploymentPostprocessing = 0;
		};
		3A0925E5274E26CD00445E64 /* Sources */ = {
			isa = PBXSourcesBuildPhase;
			buildActionMask = 2147483647;
			files = (
				3A0925EE274E26CE00445E64 /* Trap_GameTests.swift in Sources */,
			);
			runOnlyForDeploymentPostprocessing = 0;
		};
		3A0925F0274E26CE00445E64 /* Sources */ = {
			isa = PBXSourcesBuildPhase;
			buildActionMask = 2147483647;
			files = (
				3A0925F9274E26CE00445E64 /* Trap_GameUITests.swift in Sources */,
			);
			runOnlyForDeploymentPostprocessing = 0;
		};
/* End PBXSourcesBuildPhase section */

/* Begin PBXTargetDependency section */
		3A0925EB274E26CD00445E64 /* PBXTargetDependency */ = {
			isa = PBXTargetDependency;
			target = 3A0925D2274E26CC00445E64 /* Trap Game */;
			targetProxy = 3A0925EA274E26CD00445E64 /* PBXContainerItemProxy */;
		};
		3A0925F6274E26CE00445E64 /* PBXTargetDependency */ = {
			isa = PBXTargetDependency;
			target = 3A0925D2274E26CC00445E64 /* Trap Game */;
			targetProxy = 3A0925F5274E26CE00445E64 /* PBXContainerItemProxy */;
		};
/* End PBXTargetDependency section */

/* Begin PBXVariantGroup section */
		3A0925DC274E26CC00445E64 /* Main.storyboard */ = {
			isa = PBXVariantGroup;
			children = (
				3A0925DD274E26CC00445E64 /* Base */,
			);
			name = Main.storyboard;
			sourceTree = "<group>";
		};
		3A0925E1274E26CD00445E64 /* LaunchScreen.storyboard */ = {
			isa = PBXVariantGroup;
			children = (
				3A0925E2274E26CD00445E64 /* Base */,
			);
			name = LaunchScreen.storyboard;
			sourceTree = "<group>";
		};
/* End PBXVariantGroup section */

/* Begin XCBuildConfiguration section */
		3A0925FB274E26CE00445E64 /* Debug */ = {
			isa = XCBuildConfiguration;
			buildSettings = {
				ALWAYS_SEARCH_USER_PATHS = NO;
				CLANG_ANALYZER_NONNULL = YES;
				CLANG_ANALYZER_NUMBER_OBJECT_CONVERSION = YES_AGGRESSIVE;
				CLANG_CXX_LANGUAGE_STANDARD = "gnu++14";
				CLANG_CXX_LIBRARY = "libc++";
				CLANG_ENABLE_MODULES = YES;
				CLANG_ENABLE_OBJC_ARC = YES;
				CLANG_ENABLE_OBJC_WEAK = YES;
				CLANG_WARN_BLOCK_CAPTURE_AUTORELEASING = YES;
				CLANG_WARN_BOOL_CONVERSION = YES;
				CLANG_WARN_COMMA = YES;
				CLANG_WARN_CONSTANT_CONVERSION = YES;
				CLANG_WARN_DEPRECATED_OBJC_IMPLEMENTATIONS = YES;
				CLANG_WARN_DIRECT_OBJC_ISA_USAGE = YES_ERROR;
				CLANG_WARN_DOCUMENTATION_COMMENTS = YES;
				CLANG_WARN_EMPTY_BODY = YES;
				CLANG_WARN_ENUM_CONVERSION = YES;
				CLANG_WARN_INFINITE_RECURSION = YES;
				CLANG_WARN_INT_CONVERSION = YES;
				CLANG_WARN_NON_LITERAL_NULL_CONVERSION = YES;
				CLANG_WARN_OBJC_IMPLICIT_RETAIN_SELF = YES;
				CLANG_WARN_OBJC_LITERAL_CONVERSION = YES;
				CLANG_WARN_OBJC_ROOT_CLASS = YES_ERROR;
				CLANG_WARN_QUOTED_INCLUDE_IN_FRAMEWORK_HEADER = YES;
				CLANG_WARN_RANGE_LOOP_ANALYSIS = YES;
				CLANG_WARN_STRICT_PROTOTYPES = YES;
				CLANG_WARN_SUSPICIOUS_MOVE = YES;
				CLANG_WARN_UNGUARDED_AVAILABILITY = YES_AGGRESSIVE;
				CLANG_WARN_UNREACHABLE_CODE = YES;
				CLANG_WARN__DUPLICATE_METHOD_MATCH = YES;
				COPY_PHASE_STRIP = NO;
				DEBUG_INFORMATION_FORMAT = dwarf;
				ENABLE_STRICT_OBJC_MSGSEND = YES;
				ENABLE_TESTABILITY = YES;
				GCC_C_LANGUAGE_STANDARD = gnu11;
				GCC_DYNAMIC_NO_PIC = NO;
				GCC_NO_COMMON_BLOCKS = YES;
				GCC_OPTIMIZATION_LEVEL = 0;
				GCC_PREPROCESSOR_DEFINITIONS = (
					"DEBUG=1",
					"$(inherited)",
				);
				GCC_WARN_64_TO_32_BIT_CONVERSION = YES;
				GCC_WARN_ABOUT_RETURN_TYPE = YES_ERROR;
				GCC_WARN_UNDECLARED_SELECTOR = YES;
				GCC_WARN_UNINITIALIZED_AUTOS = YES_AGGRESSIVE;
				GCC_WARN_UNUSED_FUNCTION = YES;
				GCC_WARN_UNUSED_VARIABLE = YES;
				IPHONEOS_DEPLOYMENT_TARGET = 14.3;
				MTL_ENABLE_DEBUG_INFO = INCLUDE_SOURCE;
				MTL_FAST_MATH = YES;
				ONLY_ACTIVE_ARCH = YES;
				SDKROOT = iphoneos;
				SWIFT_ACTIVE_COMPILATION_CONDITIONS = DEBUG;
				SWIFT_OPTIMIZATION_LEVEL = "-Onone";
			};
			name = Debug;
		};
		3A0925FC274E26CE00445E64 /* Release */ = {
			isa = XCBuildConfiguration;
			buildSettings = {
				ALWAYS_SEARCH_USER_PATHS = NO;
				CLANG_ANALYZER_NONNULL = YES;
				CLANG_ANALYZER_NUMBER_OBJECT_CONVERSION = YES_AGGRESSIVE;
				CLANG_CXX_LANGUAGE_STANDARD = "gnu++14";
				CLANG_CXX_LIBRARY = "libc++";
				CLANG_ENABLE_MODULES = YES;
				CLANG_ENABLE_OBJC_ARC = YES;
				CLANG_ENABLE_OBJC_WEAK = YES;
				CLANG_WARN_BLOCK_CAPTURE_AUTORELEASING = YES;
				CLANG_WARN_BOOL_CONVERSION = YES;
				CLANG_WARN_COMMA = YES;
				CLANG_WARN_CONSTANT_CONVERSION = YES;
				CLANG_WARN_DEPRECATED_OBJC_IMPLEMENTATIONS = YES;
				CLANG_WARN_DIRECT_OBJC_ISA_USAGE = YES_ERROR;
				CLANG_WARN_DOCUMENTATION_COMMENTS = YES;
				CLANG_WARN_EMPTY_BODY = YES;
				CLANG_WARN_ENUM_CONVERSION = YES;
				CLANG_WARN_INFINITE_RECURSION = YES;
				CLANG_WARN_INT_CONVERSION = YES;
				CLANG_WARN_NON_LITERAL_NULL_CONVERSION = YES;
				CLANG_WARN_OBJC_IMPLICIT_RETAIN_SELF = YES;
				CLANG_WARN_OBJC_LITERAL_CONVERSION = YES;
				CLANG_WARN_OBJC_ROOT_CLASS = YES_ERROR;
				CLANG_WARN_QUOTED_INCLUDE_IN_FRAMEWORK_HEADER = YES;
				CLANG_WARN_RANGE_LOOP_ANALYSIS = YES;
				CLANG_WARN_STRICT_PROTOTYPES = YES;
				CLANG_WARN_SUSPICIOUS_MOVE = YES;
				CLANG_WARN_UNGUARDED_AVAILABILITY = YES_AGGRESSIVE;
				CLANG_WARN_UNREACHABLE_CODE = YES;
				CLANG_WARN__DUPLICATE_METHOD_MATCH = YES;
				COPY_PHASE_STRIP = NO;
				DEBUG_INFORMATION_FORMAT = "dwarf-with-dsym";
				ENABLE_NS_ASSERTIONS = NO;
				ENABLE_STRICT_OBJC_MSGSEND = YES;
				GCC_C_LANGUAGE_STANDARD = gnu11;
				GCC_NO_COMMON_BLOCKS = YES;
				GCC_WARN_64_TO_32_BIT_CONVERSION = YES;
				GCC_WARN_ABOUT_RETURN_TYPE = YES_ERROR;
				GCC_WARN_UNDECLARED_SELECTOR = YES;
				GCC_WARN_UNINITIALIZED_AUTOS = YES_AGGRESSIVE;
				GCC_WARN_UNUSED_FUNCTION = YES;
				GCC_WARN_UNUSED_VARIABLE = YES;
				IPHONEOS_DEPLOYMENT_TARGET = 14.3;
				MTL_ENABLE_DEBUG_INFO = NO;
				MTL_FAST_MATH = YES;
				SDKROOT = iphoneos;
				SWIFT_COMPILATION_MODE = wholemodule;
				SWIFT_OPTIMIZATION_LEVEL = "-O";
				VALIDATE_PRODUCT = YES;
			};
			name = Release;
		};
		3A0925FE274E26CE00445E64 /* Debug */ = {
			isa = XCBuildConfiguration;
			buildSettings = {
				ASSETCATALOG_COMPILER_APPICON_NAME = AppIcon;
				ASSETCATALOG_COMPILER_GLOBAL_ACCENT_COLOR_NAME = AccentColor;
				CODE_SIGN_STYLE = Automatic;
				INFOPLIST_FILE = "Trap Game/Info.plist";
				LD_RUNPATH_SEARCH_PATHS = (
					"$(inherited)",
					"@executable_path/Frameworks",
				);
				PRODUCT_BUNDLE_IDENTIFIER = "iostest.Trap-Game";
				PRODUCT_NAME = "$(TARGET_NAME)";
				SWIFT_VERSION = 5.0;
				TARGETED_DEVICE_FAMILY = "1,2";
			};
			name = Debug;
		};
		3A0925FF274E26CE00445E64 /* Release */ = {
			isa = XCBuildConfiguration;
			buildSettings = {
				ASSETCATALOG_COMPILER_APPICON_NAME = AppIcon;
				ASSETCATALOG_COMPILER_GLOBAL_ACCENT_COLOR_NAME = AccentColor;
				CODE_SIGN_STYLE = Automatic;
				INFOPLIST_FILE = "Trap Game/Info.plist";
				LD_RUNPATH_SEARCH_PATHS = (
					"$(inherited)",
					"@executable_path/Frameworks",
				);
				PRODUCT_BUNDLE_IDENTIFIER = "iostest.Trap-Game";
				PRODUCT_NAME = "$(TARGET_NAME)";
				SWIFT_VERSION = 5.0;
				TARGETED_DEVICE_FAMILY = "1,2";
			};
			name = Release;
		};
		3A092601274E26CE00445E64 /* Debug */ = {
			isa = XCBuildConfiguration;
			buildSettings = {
				ALWAYS_EMBED_SWIFT_STANDARD_LIBRARIES = YES;
				BUNDLE_LOADER = "$(TEST_HOST)";
				CODE_SIGN_STYLE = Automatic;
				INFOPLIST_FILE = "Trap GameTests/Info.plist";
				IPHONEOS_DEPLOYMENT_TARGET = 14.3;
				LD_RUNPATH_SEARCH_PATHS = (
					"$(inherited)",
					"@executable_path/Frameworks",
					"@loader_path/Frameworks",
				);
				PRODUCT_BUNDLE_IDENTIFIER = "iostest.Trap-GameTests";
				PRODUCT_NAME = "$(TARGET_NAME)";
				SWIFT_VERSION = 5.0;
				TARGETED_DEVICE_FAMILY = "1,2";
				TEST_HOST = "$(BUILT_PRODUCTS_DIR)/Trap Game.app/Trap Game";
			};
			name = Debug;
		};
		3A092602274E26CE00445E64 /* Release */ = {
			isa = XCBuildConfiguration;
			buildSettings = {
				ALWAYS_EMBED_SWIFT_STANDARD_LIBRARIES = YES;
				BUNDLE_LOADER = "$(TEST_HOST)";
				CODE_SIGN_STYLE = Automatic;
				INFOPLIST_FILE = "Trap GameTests/Info.plist";
				IPHONEOS_DEPLOYMENT_TARGET = 14.3;
				LD_RUNPATH_SEARCH_PATHS = (
					"$(inherited)",
					"@executable_path/Frameworks",
					"@loader_path/Frameworks",
				);
				PRODUCT_BUNDLE_IDENTIFIER = "iostest.Trap-GameTests";
				PRODUCT_NAME = "$(TARGET_NAME)";
				SWIFT_VERSION = 5.0;
				TARGETED_DEVICE_FAMILY = "1,2";
				TEST_HOST = "$(BUILT_PRODUCTS_DIR)/Trap Game.app/Trap Game";
			};
			name = Release;
		};
		3A092604274E26CE00445E64 /* Debug */ = {
			isa = XCBuildConfiguration;
			buildSettings = {
				ALWAYS_EMBED_SWIFT_STANDARD_LIBRARIES = YES;
				CODE_SIGN_STYLE = Automatic;
				INFOPLIST_FILE = "Trap GameUITests/Info.plist";
				LD_RUNPATH_SEARCH_PATHS = (
					"$(inherited)",
					"@executable_path/Frameworks",
					"@loader_path/Frameworks",
				);
				PRODUCT_BUNDLE_IDENTIFIER = "iostest.Trap-GameUITests";
				PRODUCT_NAME = "$(TARGET_NAME)";
				SWIFT_VERSION = 5.0;
				TARGETED_DEVICE_FAMILY = "1,2";
				TEST_TARGET_NAME = "Trap Game";
			};
			name = Debug;
		};
		3A092605274E26CE00445E64 /* Release */ = {
			isa = XCBuildConfiguration;
			buildSettings = {
				ALWAYS_EMBED_SWIFT_STANDARD_LIBRARIES = YES;
				CODE_SIGN_STYLE = Automatic;
				INFOPLIST_FILE = "Trap GameUITests/Info.plist";
				LD_RUNPATH_SEARCH_PATHS = (
					"$(inherited)",
					"@executable_path/Frameworks",
					"@loader_path/Frameworks",
				);
				PRODUCT_BUNDLE_IDENTIFIER = "iostest.Trap-GameUITests";
				PRODUCT_NAME = "$(TARGET_NAME)";
				SWIFT_VERSION = 5.0;
				TARGETED_DEVICE_FAMILY = "1,2";
				TEST_TARGET_NAME = "Trap Game";
			};
			name = Release;
		};
/* End XCBuildConfiguration section */

/* Begin XCConfigurationList section */
		3A0925CE274E26CC00445E64 /* Build configuration list for PBXProject "Trap Game" */ = {
			isa = XCConfigurationList;
			buildConfigurations = (
				3A0925FB274E26CE00445E64 /* Debug */,
				3A0925FC274E26CE00445E64 /* Release */,
			);
			defaultConfigurationIsVisible = 0;
			defaultConfigurationName = Release;
		};
		3A0925FD274E26CE00445E64 /* Build configuration list for PBXNativeTarget "Trap Game" */ = {
			isa = XCConfigurationList;
			buildConfigurations = (
				3A0925FE274E26CE00445E64 /* Debug */,
				3A0925FF274E26CE00445E64 /* Release */,
			);
			defaultConfigurationIsVisible = 0;
			defaultConfigurationName = Release;
		};
		3A092600274E26CE00445E64 /* Build configuration list for PBXNativeTarget "Trap GameTests" */ = {
			isa = XCConfigurationList;
			buildConfigurations = (
				3A092601274E26CE00445E64 /* Debug */,
				3A092602274E26CE00445E64 /* Release */,
			);
			defaultConfigurationIsVisible = 0;
			defaultConfigurationName = Release;
		};
		3A092603274E26CE00445E64 /* Build configuration list for PBXNativeTarget "Trap GameUITests" */ = {
			isa = XCConfigurationList;
			buildConfigurations = (
				3A092604274E26CE00445E64 /* Debug */,
				3A092605274E26CE00445E64 /* Release */,
			);
			defaultConfigurationIsVisible = 0;
			defaultConfigurationName = Release;
		};
/* End XCConfigurationList section */
	};
	rootObject = 3A0925CB274E26CC00445E64 /* Project object */;
}
